
Microsoft Visual Studio Solution File, Format Version 12.00
# Visual Studio Version 17
VisualStudioVersion = 17.6.33815.320
MinimumVisualStudioVersion = 10.0.40219.1
Project("{9A19103F-16F7-4668-BE54-9A1E7A4F7556}") = "StokTakipOtomasyon", "StokTakipOtomasyon.csproj", "{D6FBE1CA-FDE5-453F-A538-238F732715B1}"
EndProject
Global
	GlobalSection(SolutionConfigurationPlatforms) = preSolution
		Debug|Any CPU = Debug|Any CPU
		Release|Any CPU = Release|Any CPU
	EndGlobalSection
	GlobalSection(ProjectConfigurationPlatforms) = postSolution
		{D6FBE1CA-FDE5-453F-A538-238F732715B1}.Debug|Any CPU.ActiveCfg = Debug|Any CPU
		{D6FBE1CA-FDE5-453F-A538-238F732715B1}.Debug|Any CPU.Build.0 = Debug|Any CPU
		{D6FBE1CA-FDE5-453F-A538-238F732715B1}.Release|Any CPU.ActiveCfg = Release|Any CPU
		{D6FBE1CA-FDE5-453F-A538-238F732715B1}.Release|Any CPU.Build.0 = Release|Any CPU
	EndGlobalSection
	GlobalSection(SolutionProperties) = preSolution
		HideSolutionNode = FALSE
	EndGlobalSection
	GlobalSection(ExtensibilityGlobals) = postSolution
		SolutionGuid = {5B66009A-9226-49D4-990E-52DBDF993AD9}
	EndGlobalSection
EndGlobal
